
Microsoft Visual Studio Solution File, Format Version 12.00
Project("{FAE04EC0-301F-11D3-BF4B-00C04F79EFBC}") = "CsharpStudy.Game", "CsharpStudy.Game\CsharpStudy.Game.csproj", "{B9B292B8-A726-4BC2-949A-F6DBBE2E9DDE}"
EndProject
Project("{FAE04EC0-301F-11D3-BF4B-00C04F79EFBC}") = "CsharpStudy.Asset", "CsharpStudy.Asset\CsharpStudy.Asset.csproj", "{2FE70544-BD52-44AB-868B-72D036418F75}"
EndProject
Project("{FAE04EC0-301F-11D3-BF4B-00C04F79EFBC}") = "CsharpStudy.Game.Tests", "CsharpStudy.Game.Tests\CsharpStudy.Game.Tests.csproj", "{D95EEC5F-94BA-4336-83FB-598097F65418}"
EndProject
Project("{FAE04EC0-301F-11D3-BF4B-00C04F79EFBC}") = "CsharpStudy.2", "CsharpStudy.2\CsharpStudy.2.csproj", "{4E982235-7D72-4FEA-B36C-5BAEDDD90249}"
EndProject
Project("{FAE04EC0-301F-11D3-BF4B-00C04F79EFBC}") = "CsharpStudy.Debug", "CsharpStudy.Debug\CsharpStudy.Debug.csproj", "{78A6D35D-A346-4922-B033-22D5524DF681}"
EndProject
Project("{FAE04EC0-301F-11D3-BF4B-00C04F79EFBC}") = "CsharpStudy.FP", "CsharpStudy.FP\CsharpStudy.FP.csproj", "{C48A935D-9F05-4487-8398-F1FF6C83069A}"
EndProject
Project("{FAE04EC0-301F-11D3-BF4B-00C04F79EFBC}") = "CsharpStudy.Exception_File", "CsharpStudy.Exception_File\CsharpStudy.Exception_File.csproj", "{ADE42544-68DE-4783-BB97-42C77FC780FB}"
EndProject
Project("{FAE04EC0-301F-11D3-BF4B-00C04F79EFBC}") = "CsharpStudy.Exception_File.Tests", "CsharpStudy.Exception_File.Tests\CsharpStudy.Exception_File.Tests.csproj", "{4068CEC4-EE71-4288-B0DE-4B3019880D2A}"
EndProject
Project("{FAE04EC0-301F-11D3-BF4B-00C04F79EFBC}") = "CsharpStudy.DataFormat", "CsharpStudy.DataFormat\CsharpStudy.DataFormat.csproj", "{001DA81B-32BE-4932-B3E1-9C9067E2AE41}"
EndProject
Project("{FAE04EC0-301F-11D3-BF4B-00C04F79EFBC}") = "CsharpStudy.Async", "CsharpStudy.Async\CsharpStudy.Async.csproj", "{25EAAA10-1924-450F-A234-4EF102A393ED}"
EndProject
Global
	GlobalSection(SolutionConfigurationPlatforms) = preSolution
		Debug|Any CPU = Debug|Any CPU
		Release|Any CPU = Release|Any CPU
	EndGlobalSection
	GlobalSection(ProjectConfigurationPlatforms) = postSolution
		{B9B292B8-A726-4BC2-949A-F6DBBE2E9DDE}.Debug|Any CPU.ActiveCfg = Debug|Any CPU
		{B9B292B8-A726-4BC2-949A-F6DBBE2E9DDE}.Debug|Any CPU.Build.0 = Debug|Any CPU
		{B9B292B8-A726-4BC2-949A-F6DBBE2E9DDE}.Release|Any CPU.ActiveCfg = Release|Any CPU
		{B9B292B8-A726-4BC2-949A-F6DBBE2E9DDE}.Release|Any CPU.Build.0 = Release|Any CPU
		{2FE70544-BD52-44AB-868B-72D036418F75}.Debug|Any CPU.ActiveCfg = Debug|Any CPU
		{2FE70544-BD52-44AB-868B-72D036418F75}.Debug|Any CPU.Build.0 = Debug|Any CPU
		{2FE70544-BD52-44AB-868B-72D036418F75}.Release|Any CPU.ActiveCfg = Release|Any CPU
		{2FE70544-BD52-44AB-868B-72D036418F75}.Release|Any CPU.Build.0 = Release|Any CPU
		{D95EEC5F-94BA-4336-83FB-598097F65418}.Debug|Any CPU.ActiveCfg = Debug|Any CPU
		{D95EEC5F-94BA-4336-83FB-598097F65418}.Debug|Any CPU.Build.0 = Debug|Any CPU
		{D95EEC5F-94BA-4336-83FB-598097F65418}.Release|Any CPU.ActiveCfg = Release|Any CPU
		{D95EEC5F-94BA-4336-83FB-598097F65418}.Release|Any CPU.Build.0 = Release|Any CPU
		{4E982235-7D72-4FEA-B36C-5BAEDDD90249}.Debug|Any CPU.ActiveCfg = Debug|Any CPU
		{4E982235-7D72-4FEA-B36C-5BAEDDD90249}.Debug|Any CPU.Build.0 = Debug|Any CPU
		{4E982235-7D72-4FEA-B36C-5BAEDDD90249}.Release|Any CPU.ActiveCfg = Release|Any CPU
		{4E982235-7D72-4FEA-B36C-5BAEDDD90249}.Release|Any CPU.Build.0 = Release|Any CPU
		{78A6D35D-A346-4922-B033-22D5524DF681}.Debug|Any CPU.ActiveCfg = Debug|Any CPU
		{78A6D35D-A346-4922-B033-22D5524DF681}.Debug|Any CPU.Build.0 = Debug|Any CPU
		{78A6D35D-A346-4922-B033-22D5524DF681}.Release|Any CPU.ActiveCfg = Release|Any CPU
		{78A6D35D-A346-4922-B033-22D5524DF681}.Release|Any CPU.Build.0 = Release|Any CPU
		{C48A935D-9F05-4487-8398-F1FF6C83069A}.Debug|Any CPU.ActiveCfg = Debug|Any CPU
		{C48A935D-9F05-4487-8398-F1FF6C83069A}.Debug|Any CPU.Build.0 = Debug|Any CPU
		{C48A935D-9F05-4487-8398-F1FF6C83069A}.Release|Any CPU.ActiveCfg = Release|Any CPU
		{C48A935D-9F05-4487-8398-F1FF6C83069A}.Release|Any CPU.Build.0 = Release|Any CPU
		{ADE42544-68DE-4783-BB97-42C77FC780FB}.Debug|Any CPU.ActiveCfg = Debug|Any CPU
		{ADE42544-68DE-4783-BB97-42C77FC780FB}.Debug|Any CPU.Build.0 = Debug|Any CPU
		{ADE42544-68DE-4783-BB97-42C77FC780FB}.Release|Any CPU.ActiveCfg = Release|Any CPU
		{ADE42544-68DE-4783-BB97-42C77FC780FB}.Release|Any CPU.Build.0 = Release|Any CPU
		{4068CEC4-EE71-4288-B0DE-4B3019880D2A}.Debug|Any CPU.ActiveCfg = Debug|Any CPU
		{4068CEC4-EE71-4288-B0DE-4B3019880D2A}.Debug|Any CPU.Build.0 = Debug|Any CPU
		{4068CEC4-EE71-4288-B0DE-4B3019880D2A}.Release|Any CPU.ActiveCfg = Release|Any CPU
		{4068CEC4-EE71-4288-B0DE-4B3019880D2A}.Release|Any CPU.Build.0 = Release|Any CPU
		{001DA81B-32BE-4932-B3E1-9C9067E2AE41}.Debug|Any CPU.ActiveCfg = Debug|Any CPU
		{001DA81B-32BE-4932-B3E1-9C9067E2AE41}.Debug|Any CPU.Build.0 = Debug|Any CPU
		{001DA81B-32BE-4932-B3E1-9C9067E2AE41}.Release|Any CPU.ActiveCfg = Release|Any CPU
		{001DA81B-32BE-4932-B3E1-9C9067E2AE41}.Release|Any CPU.Build.0 = Release|Any CPU
		{25EAAA10-1924-450F-A234-4EF102A393ED}.Debug|Any CPU.ActiveCfg = Debug|Any CPU
		{25EAAA10-1924-450F-A234-4EF102A393ED}.Debug|Any CPU.Build.0 = Debug|Any CPU
		{25EAAA10-1924-450F-A234-4EF102A393ED}.Release|Any CPU.ActiveCfg = Release|Any CPU
		{25EAAA10-1924-450F-A234-4EF102A393ED}.Release|Any CPU.Build.0 = Release|Any CPU
	EndGlobalSection
EndGlobal
