
Microsoft Visual Studio Solution File, Format Version 12.00
Project("{FAE04EC0-301F-11D3-BF4B-00C04F79EFBC}") = "CsharpStudy.Game", "CsharpStudy.Game\CsharpStudy.Game.csproj", "{B9B292B8-A726-4BC2-949A-F6DBBE2E9DDE}"
EndProject
Project("{FAE04EC0-301F-11D3-BF4B-00C04F79EFBC}") = "CsharpStudy.Asset", "CsharpStudy.Asset\CsharpStudy.Asset.csproj", "{2FE70544-BD52-44AB-868B-72D036418F75}"
EndProject
Project("{FAE04EC0-301F-11D3-BF4B-00C04F79EFBC}") = "CsharpStudy.Game.Tests", "CsharpStudy.Game.Tests\CsharpStudy.Game.Tests.csproj", "{97540938-4341-4E9C-956B-65C9E01B51F5}"
EndProject
Project("{FAE04EC0-301F-11D3-BF4B-00C04F79EFBC}") = "CsharpStudy.2hakgi", "CsharpStudy.2hakgi\CsharpStudy.2hakgi.csproj", "{E2C35F9D-D291-47CC-A518-F24BFBE8F141}"
EndProject
Project("{FAE04EC0-301F-11D3-BF4B-00C04F79EFBC}") = "CsharpStudy.2hakgi.Tests", "CsharpStudy.2hakgi.Tests\CsharpStudy.2hakgi.Tests.csproj", "{2A645E38-F611-4773-9BBA-D7094B928F63}"
EndProject
Project("{FAE04EC0-301F-11D3-BF4B-00C04F79EFBC}") = "CsharpStudy.Repository", "CsharpStudy.Repository\CsharpStudy.Repository.csproj", "{DCED255F-AA89-40D2-A391-C3104335BECB}"
EndProject
Project("{FAE04EC0-301F-11D3-BF4B-00C04F79EFBC}") = "CsharpStudy.Repository.Tests", "CsharpStudy.Repository.Tests\CsharpStudy.Repository.Tests.csproj", "{221653F5-20A4-4F5F-B4C5-90E8A524935F}"
EndProject
Project("{FAE04EC0-301F-11D3-BF4B-00C04F79EFBC}") = "CsharpStudy.Http", "CsharpStudy.Http\CsharpStudy.Http.csproj", "{2663F3B2-F5E2-47CA-AFB9-FF0E0A9110DC}"
EndProject
Project("{FAE04EC0-301F-11D3-BF4B-00C04F79EFBC}") = "CsharpStudy.Http.Tests", "CsharpStudy.Http.Tests\CsharpStudy.Http.Tests.csproj", "{0EF49D01-2DFA-4606-B477-F4C0F71F60E1}"
EndProject
Project("{FAE04EC0-301F-11D3-BF4B-00C04F79EFBC}") = "CsharpStudy.DtoMapper", "CsharpStudy.DtoMapper\CsharpStudy.DtoMapper.csproj", "{02DB4F6E-29E3-4BE3-8D0E-859FD9818DB5}"
EndProject
Project("{FAE04EC0-301F-11D3-BF4B-00C04F79EFBC}") = "CsharpStudy.Result", "CsharpStudy.Result\CsharpStudy.Result.csproj", "{89A1A66F-D74B-4822-A507-CC880B56D48F}"
EndProject
Global
	GlobalSection(SolutionConfigurationPlatforms) = preSolution
		Debug|Any CPU = Debug|Any CPU
		Release|Any CPU = Release|Any CPU
	EndGlobalSection
	GlobalSection(ProjectConfigurationPlatforms) = postSolution
		{B9B292B8-A726-4BC2-949A-F6DBBE2E9DDE}.Debug|Any CPU.ActiveCfg = Debug|Any CPU
		{B9B292B8-A726-4BC2-949A-F6DBBE2E9DDE}.Debug|Any CPU.Build.0 = Debug|Any CPU
		{B9B292B8-A726-4BC2-949A-F6DBBE2E9DDE}.Release|Any CPU.ActiveCfg = Release|Any CPU
		{B9B292B8-A726-4BC2-949A-F6DBBE2E9DDE}.Release|Any CPU.Build.0 = Release|Any CPU
		{2FE70544-BD52-44AB-868B-72D036418F75}.Debug|Any CPU.ActiveCfg = Debug|Any CPU
		{2FE70544-BD52-44AB-868B-72D036418F75}.Debug|Any CPU.Build.0 = Debug|Any CPU
		{2FE70544-BD52-44AB-868B-72D036418F75}.Release|Any CPU.ActiveCfg = Release|Any CPU
		{2FE70544-BD52-44AB-868B-72D036418F75}.Release|Any CPU.Build.0 = Release|Any CPU
		{97540938-4341-4E9C-956B-65C9E01B51F5}.Debug|Any CPU.ActiveCfg = Debug|Any CPU
		{97540938-4341-4E9C-956B-65C9E01B51F5}.Debug|Any CPU.Build.0 = Debug|Any CPU
		{97540938-4341-4E9C-956B-65C9E01B51F5}.Release|Any CPU.ActiveCfg = Release|Any CPU
		{97540938-4341-4E9C-956B-65C9E01B51F5}.Release|Any CPU.Build.0 = Release|Any CPU
		{E2C35F9D-D291-47CC-A518-F24BFBE8F141}.Debug|Any CPU.ActiveCfg = Debug|Any CPU
		{E2C35F9D-D291-47CC-A518-F24BFBE8F141}.Debug|Any CPU.Build.0 = Debug|Any CPU
		{E2C35F9D-D291-47CC-A518-F24BFBE8F141}.Release|Any CPU.ActiveCfg = Release|Any CPU
		{E2C35F9D-D291-47CC-A518-F24BFBE8F141}.Release|Any CPU.Build.0 = Release|Any CPU
		{2A645E38-F611-4773-9BBA-D7094B928F63}.Debug|Any CPU.ActiveCfg = Debug|Any CPU
		{2A645E38-F611-4773-9BBA-D7094B928F63}.Debug|Any CPU.Build.0 = Debug|Any CPU
		{2A645E38-F611-4773-9BBA-D7094B928F63}.Release|Any CPU.ActiveCfg = Release|Any CPU
		{2A645E38-F611-4773-9BBA-D7094B928F63}.Release|Any CPU.Build.0 = Release|Any CPU
		{DCED255F-AA89-40D2-A391-C3104335BECB}.Debug|Any CPU.ActiveCfg = Debug|Any CPU
		{DCED255F-AA89-40D2-A391-C3104335BECB}.Debug|Any CPU.Build.0 = Debug|Any CPU
		{DCED255F-AA89-40D2-A391-C3104335BECB}.Release|Any CPU.ActiveCfg = Release|Any CPU
		{DCED255F-AA89-40D2-A391-C3104335BECB}.Release|Any CPU.Build.0 = Release|Any CPU
		{221653F5-20A4-4F5F-B4C5-90E8A524935F}.Debug|Any CPU.ActiveCfg = Debug|Any CPU
		{221653F5-20A4-4F5F-B4C5-90E8A524935F}.Debug|Any CPU.Build.0 = Debug|Any CPU
		{221653F5-20A4-4F5F-B4C5-90E8A524935F}.Release|Any CPU.ActiveCfg = Release|Any CPU
		{221653F5-20A4-4F5F-B4C5-90E8A524935F}.Release|Any CPU.Build.0 = Release|Any CPU
		{2663F3B2-F5E2-47CA-AFB9-FF0E0A9110DC}.Debug|Any CPU.ActiveCfg = Debug|Any CPU
		{2663F3B2-F5E2-47CA-AFB9-FF0E0A9110DC}.Debug|Any CPU.Build.0 = Debug|Any CPU
		{2663F3B2-F5E2-47CA-AFB9-FF0E0A9110DC}.Release|Any CPU.ActiveCfg = Release|Any CPU
		{2663F3B2-F5E2-47CA-AFB9-FF0E0A9110DC}.Release|Any CPU.Build.0 = Release|Any CPU
		{0EF49D01-2DFA-4606-B477-F4C0F71F60E1}.Debug|Any CPU.ActiveCfg = Debug|Any CPU
		{0EF49D01-2DFA-4606-B477-F4C0F71F60E1}.Debug|Any CPU.Build.0 = Debug|Any CPU
		{0EF49D01-2DFA-4606-B477-F4C0F71F60E1}.Release|Any CPU.ActiveCfg = Release|Any CPU
		{0EF49D01-2DFA-4606-B477-F4C0F71F60E1}.Release|Any CPU.Build.0 = Release|Any CPU
		{02DB4F6E-29E3-4BE3-8D0E-859FD9818DB5}.Debug|Any CPU.ActiveCfg = Debug|Any CPU
		{02DB4F6E-29E3-4BE3-8D0E-859FD9818DB5}.Debug|Any CPU.Build.0 = Debug|Any CPU
		{02DB4F6E-29E3-4BE3-8D0E-859FD9818DB5}.Release|Any CPU.ActiveCfg = Release|Any CPU
		{02DB4F6E-29E3-4BE3-8D0E-859FD9818DB5}.Release|Any CPU.Build.0 = Release|Any CPU
		{89A1A66F-D74B-4822-A507-CC880B56D48F}.Debug|Any CPU.ActiveCfg = Debug|Any CPU
		{89A1A66F-D74B-4822-A507-CC880B56D48F}.Debug|Any CPU.Build.0 = Debug|Any CPU
		{89A1A66F-D74B-4822-A507-CC880B56D48F}.Release|Any CPU.ActiveCfg = Release|Any CPU
		{89A1A66F-D74B-4822-A507-CC880B56D48F}.Release|Any CPU.Build.0 = Release|Any CPU
	EndGlobalSection
EndGlobal
